
Microsoft Visual Studio Solution File, Format Version 12.00
# Visual Studio 15
VisualStudioVersion = 15.0.27703.2018
MinimumVisualStudioVersion = 10.0.40219.1
Project("{9A19103F-16F7-4668-BE54-9A1E7A4F7556}") = "FilerService", "FilerService.csproj", "{EF33D318-9F4F-4820-9AF3-36EEACB61B71}"
EndProject
Global
	GlobalSection(SolutionConfigurationPlatforms) = preSolution
		Debug|Any CPU = Debug|Any CPU
		Release|Any CPU = Release|Any CPU
	EndGlobalSection
	GlobalSection(ProjectConfigurationPlatforms) = postSolution
		{EF33D318-9F4F-4820-9AF3-36EEACB61B71}.Debug|Any CPU.ActiveCfg = Debug|Any CPU
		{EF33D318-9F4F-4820-9AF3-36EEACB61B71}.Debug|Any CPU.Build.0 = Debug|Any CPU
		{EF33D318-9F4F-4820-9AF3-36EEACB61B71}.Release|Any CPU.ActiveCfg = Release|Any CPU
		{EF33D318-9F4F-4820-9AF3-36EEACB61B71}.Release|Any CPU.Build.0 = Release|Any CPU
	EndGlobalSection
	GlobalSection(SolutionProperties) = preSolution
		HideSolutionNode = FALSE
	EndGlobalSection
	GlobalSection(ExtensibilityGlobals) = postSolution
		SolutionGuid = {DDB0F82B-5CFC-49AD-9B9D-BA9206807A87}
	EndGlobalSection
EndGlobal
