
Microsoft Visual Studio Solution File, Format Version 12.00
# Visual Studio 15
VisualStudioVersion = 15.0.27130.2036
MinimumVisualStudioVersion = 10.0.40219.1
Project("{FAE04EC0-301F-11D3-BF4B-00C04F79EFBC}") = "FilerClient", "FilerClient\FilerClient.csproj", "{778BA57F-E693-46E9-BECB-5CECF31FC8C4}"
EndProject
Project("{FAE04EC0-301F-11D3-BF4B-00C04F79EFBC}") = "FilerView", "FilerView\FilerView.csproj", "{AA6B005C-87BB-454B-92FB-53422FE59A21}"
EndProject
Global
	GlobalSection(SolutionConfigurationPlatforms) = preSolution
		Debug|Any CPU = Debug|Any CPU
		Release|Any CPU = Release|Any CPU
	EndGlobalSection
	GlobalSection(ProjectConfigurationPlatforms) = postSolution
		{778BA57F-E693-46E9-BECB-5CECF31FC8C4}.Debug|Any CPU.ActiveCfg = Debug|Any CPU
		{778BA57F-E693-46E9-BECB-5CECF31FC8C4}.Debug|Any CPU.Build.0 = Debug|Any CPU
		{778BA57F-E693-46E9-BECB-5CECF31FC8C4}.Release|Any CPU.ActiveCfg = Release|Any CPU
		{778BA57F-E693-46E9-BECB-5CECF31FC8C4}.Release|Any CPU.Build.0 = Release|Any CPU
		{AA6B005C-87BB-454B-92FB-53422FE59A21}.Debug|Any CPU.ActiveCfg = Debug|Any CPU
		{AA6B005C-87BB-454B-92FB-53422FE59A21}.Debug|Any CPU.Build.0 = Debug|Any CPU
		{AA6B005C-87BB-454B-92FB-53422FE59A21}.Release|Any CPU.ActiveCfg = Release|Any CPU
		{AA6B005C-87BB-454B-92FB-53422FE59A21}.Release|Any CPU.Build.0 = Release|Any CPU
	EndGlobalSection
	GlobalSection(SolutionProperties) = preSolution
		HideSolutionNode = FALSE
	EndGlobalSection
	GlobalSection(ExtensibilityGlobals) = postSolution
		SolutionGuid = {AC43401B-A368-44AE-88EB-230DD3BBD8A5}
	EndGlobalSection
EndGlobal
